// !$*UTF8*$!
{
	archiveVersion = 1;
	classes = {
	};
	objectVersion = 56;
	objects = {

/* Begin PBXBuildFile section */
		CC0000000000000000000101 /* CCGaugeApp.swift in Sources */ = {isa = PBXBuildFile; fileRef = BB0000000000000000000101 /* CCGaugeApp.swift */; };
		CC0000000000000000000102 /* StatusView.swift in Sources */ = {isa = PBXBuildFile; fileRef = BB0000000000000000000102 /* StatusView.swift */; };
		CC0000000000000000000105 /* SnapshotWatcher.swift in Sources */ = {isa = PBXBuildFile; fileRef = BB0000000000000000000105 /* SnapshotWatcher.swift */; };
		CC0000000000000000000106 /* OnboardingView.swift in Sources */ = {isa = PBXBuildFile; fileRef = BB0000000000000000000106 /* OnboardingView.swift */; };
		CC0000000000000000000107 /* Installer.swift in Sources */ = {isa = PBXBuildFile; fileRef = BB0000000000000000000107 /* Installer.swift */; };
		CC0000000000000000000108 /* Localizable.xcstrings in Resources */ = {isa = PBXBuildFile; fileRef = BB0000000000000000000108 /* Localizable.xcstrings */; };
		CC0000000000000000000215 /* Localizable.xcstrings in Resources */ = {isa = PBXBuildFile; fileRef = BB0000000000000000000215 /* Localizable.xcstrings */; };
		CC0000000000000000000502 /* ccgauge-export.py.template in Resources */ = {isa = PBXBuildFile; fileRef = BB0000000000000000000502 /* ccgauge-export.py.template */; };
		CC0000000000000000000201 /* CCGaugeWidget.swift in Sources */ = {isa = PBXBuildFile; fileRef = BB0000000000000000000201 /* CCGaugeWidget.swift */; };
		CC0000000000000000000202 /* Provider.swift in Sources */ = {isa = PBXBuildFile; fileRef = BB0000000000000000000202 /* Provider.swift */; };
		CC0000000000000000000203 /* MediumView.swift in Sources */ = {isa = PBXBuildFile; fileRef = BB0000000000000000000203 /* MediumView.swift */; };
		CC0000000000000000000211 /* SmallView.swift in Sources */ = {isa = PBXBuildFile; fileRef = BB0000000000000000000211 /* SmallView.swift */; };
		CC0000000000000000000212 /* LargeView.swift in Sources */ = {isa = PBXBuildFile; fileRef = BB0000000000000000000212 /* LargeView.swift */; };
		CC0000000000000000000213 /* Components.swift in Sources */ = {isa = PBXBuildFile; fileRef = BB0000000000000000000213 /* Components.swift */; };
		CC0000000000000000000301 /* Snapshot.swift in Sources */ = {isa = PBXBuildFile; fileRef = BB0000000000000000000301 /* Snapshot.swift */; };
		CC0000000000000000000302 /* SnapshotStore.swift in Sources */ = {isa = PBXBuildFile; fileRef = BB0000000000000000000302 /* SnapshotStore.swift */; };
		CC0000000000000000000303 /* Formatters.swift in Sources */ = {isa = PBXBuildFile; fileRef = BB0000000000000000000303 /* Formatters.swift */; };
		CC0000000000000000000304 /* Thresholds.swift in Sources */ = {isa = PBXBuildFile; fileRef = BB0000000000000000000304 /* Thresholds.swift */; };
		CC0000000000000000000305 /* Diagnostics.swift in Sources */ = {isa = PBXBuildFile; fileRef = BB0000000000000000000305 /* Diagnostics.swift */; };
		CC0000000000000000000306 /* HistoryStore.swift in Sources */ = {isa = PBXBuildFile; fileRef = BB0000000000000000000306 /* HistoryStore.swift */; };
		CC0000000000000000000316 /* HistoryStore.swift in Sources */ = {isa = PBXBuildFile; fileRef = BB0000000000000000000306 /* HistoryStore.swift */; };
		CC0000000000000000000307 /* Forecast.swift in Sources */ = {isa = PBXBuildFile; fileRef = BB0000000000000000000307 /* Forecast.swift */; };
		CC0000000000000000000317 /* Forecast.swift in Sources */ = {isa = PBXBuildFile; fileRef = BB0000000000000000000307 /* Forecast.swift */; };
		CC0000000000000000000214 /* ForecastChart.swift in Sources */ = {isa = PBXBuildFile; fileRef = BB0000000000000000000214 /* ForecastChart.swift */; };
		CC0000000000000000000315 /* Diagnostics.swift in Sources */ = {isa = PBXBuildFile; fileRef = BB0000000000000000000305 /* Diagnostics.swift */; };
		CC0000000000000000000311 /* Snapshot.swift in Sources */ = {isa = PBXBuildFile; fileRef = BB0000000000000000000301 /* Snapshot.swift */; };
		CC0000000000000000000312 /* SnapshotStore.swift in Sources */ = {isa = PBXBuildFile; fileRef = BB0000000000000000000302 /* SnapshotStore.swift */; };
		CC0000000000000000000313 /* Formatters.swift in Sources */ = {isa = PBXBuildFile; fileRef = BB0000000000000000000303 /* Formatters.swift */; };
		CC0000000000000000000314 /* Thresholds.swift in Sources */ = {isa = PBXBuildFile; fileRef = BB0000000000000000000304 /* Thresholds.swift */; };
		CC0000000000000000000402 /* CCGaugeWidget.appex in Embed Foundation Extensions */ = {isa = PBXBuildFile; fileRef = BB0000000000000000000402 /* CCGaugeWidget.appex */; settings = {ATTRIBUTES = (RemoveHeadersOnCopy, ); }; };
/* End PBXBuildFile section */

/* Begin PBXContainerItemProxy section */
		FF0000000000000000000002 /* PBXContainerItemProxy */ = {
			isa = PBXContainerItemProxy;
			containerPortal = AA0000000000000000000001 /* Project object */;
			proxyType = 1;
			remoteGlobalIDString = DD0000000000000000000002;
			remoteInfo = CCGaugeWidget;
		};
/* End PBXContainerItemProxy section */

/* Begin PBXCopyFilesBuildPhase section */
		EE0000000000000000000004 /* Embed Foundation Extensions */ = {
			isa = PBXCopyFilesBuildPhase;
			buildActionMask = 2147483647;
			dstPath = "";
			dstSubfolderSpec = 13;
			files = (
				CC0000000000000000000402 /* CCGaugeWidget.appex in Embed Foundation Extensions */,
			);
			name = "Embed Foundation Extensions";
			runOnlyForDeploymentPostprocessing = 0;
		};
/* End PBXCopyFilesBuildPhase section */

/* Begin PBXFileReference section */
		BB0000000000000000000101 /* CCGaugeApp.swift */ = {isa = PBXFileReference; lastKnownFileType = sourcecode.swift; path = CCGaugeApp.swift; sourceTree = "<group>"; };
		BB0000000000000000000102 /* StatusView.swift */ = {isa = PBXFileReference; lastKnownFileType = sourcecode.swift; path = StatusView.swift; sourceTree = "<group>"; };
		BB0000000000000000000105 /* SnapshotWatcher.swift */ = {isa = PBXFileReference; lastKnownFileType = sourcecode.swift; path = SnapshotWatcher.swift; sourceTree = "<group>"; };
		BB0000000000000000000106 /* OnboardingView.swift */ = {isa = PBXFileReference; lastKnownFileType = sourcecode.swift; path = OnboardingView.swift; sourceTree = "<group>"; };
		BB0000000000000000000107 /* Installer.swift */ = {isa = PBXFileReference; lastKnownFileType = sourcecode.swift; path = Installer.swift; sourceTree = "<group>"; };
		BB0000000000000000000108 /* Localizable.xcstrings */ = {isa = PBXFileReference; lastKnownFileType = text.json.xcstrings; path = Localizable.xcstrings; sourceTree = "<group>"; };
		BB0000000000000000000215 /* Localizable.xcstrings */ = {isa = PBXFileReference; lastKnownFileType = text.json.xcstrings; path = Localizable.xcstrings; sourceTree = "<group>"; };
		BB0000000000000000000103 /* Info.plist */ = {isa = PBXFileReference; lastKnownFileType = text.plist.xml; path = Info.plist; sourceTree = "<group>"; };
		BB0000000000000000000201 /* CCGaugeWidget.swift */ = {isa = PBXFileReference; lastKnownFileType = sourcecode.swift; path = CCGaugeWidget.swift; sourceTree = "<group>"; };
		BB0000000000000000000202 /* Provider.swift */ = {isa = PBXFileReference; lastKnownFileType = sourcecode.swift; path = Provider.swift; sourceTree = "<group>"; };
		BB0000000000000000000203 /* MediumView.swift */ = {isa = PBXFileReference; lastKnownFileType = sourcecode.swift; path = MediumView.swift; sourceTree = "<group>"; };
		BB0000000000000000000211 /* SmallView.swift */ = {isa = PBXFileReference; lastKnownFileType = sourcecode.swift; path = SmallView.swift; sourceTree = "<group>"; };
		BB0000000000000000000212 /* LargeView.swift */ = {isa = PBXFileReference; lastKnownFileType = sourcecode.swift; path = LargeView.swift; sourceTree = "<group>"; };
		BB0000000000000000000213 /* Components.swift */ = {isa = PBXFileReference; lastKnownFileType = sourcecode.swift; path = Components.swift; sourceTree = "<group>"; };
		BB0000000000000000000214 /* ForecastChart.swift */ = {isa = PBXFileReference; lastKnownFileType = sourcecode.swift; path = ForecastChart.swift; sourceTree = "<group>"; };
		BB0000000000000000000204 /* Info.plist */ = {isa = PBXFileReference; lastKnownFileType = text.plist.xml; path = Info.plist; sourceTree = "<group>"; };
		BB0000000000000000000205 /* CCGaugeWidget.entitlements */ = {isa = PBXFileReference; lastKnownFileType = text.plist.entitlements; path = CCGaugeWidget.entitlements; sourceTree = "<group>"; };
		BB0000000000000000000301 /* Snapshot.swift */ = {isa = PBXFileReference; lastKnownFileType = sourcecode.swift; path = Snapshot.swift; sourceTree = "<group>"; };
		BB0000000000000000000302 /* SnapshotStore.swift */ = {isa = PBXFileReference; lastKnownFileType = sourcecode.swift; path = SnapshotStore.swift; sourceTree = "<group>"; };
		BB0000000000000000000303 /* Formatters.swift */ = {isa = PBXFileReference; lastKnownFileType = sourcecode.swift; path = Formatters.swift; sourceTree = "<group>"; };
		BB0000000000000000000304 /* Thresholds.swift */ = {isa = PBXFileReference; lastKnownFileType = sourcecode.swift; path = Thresholds.swift; sourceTree = "<group>"; };
		BB0000000000000000000305 /* Diagnostics.swift */ = {isa = PBXFileReference; lastKnownFileType = sourcecode.swift; path = Diagnostics.swift; sourceTree = "<group>"; };
		BB0000000000000000000306 /* HistoryStore.swift */ = {isa = PBXFileReference; lastKnownFileType = sourcecode.swift; path = HistoryStore.swift; sourceTree = "<group>"; };
		BB0000000000000000000307 /* Forecast.swift */ = {isa = PBXFileReference; lastKnownFileType = sourcecode.swift; path = Forecast.swift; sourceTree = "<group>"; };
		BB0000000000000000000401 /* CCGauge.app */ = {isa = PBXFileReference; explicitFileType = wrapper.application; includeInIndex = 0; path = CCGauge.app; sourceTree = BUILT_PRODUCTS_DIR; };
		BB0000000000000000000402 /* CCGaugeWidget.appex */ = {isa = PBXFileReference; explicitFileType = "wrapper.app-extension"; includeInIndex = 0; path = CCGaugeWidget.appex; sourceTree = BUILT_PRODUCTS_DIR; };
		BB0000000000000000000501 /* SPEC.md */ = {isa = PBXFileReference; lastKnownFileType = net.daringfireball.markdown; path = SPEC.md; sourceTree = "<group>"; };
		BB0000000000000000000502 /* ccgauge-export.py.template */ = {isa = PBXFileReference; lastKnownFileType = text; path = "ccgauge-export.py.template"; sourceTree = "<group>"; };
/* End PBXFileReference section */

/* Begin PBXFrameworksBuildPhase section */
		EE0000000000000000000002 /* Frameworks */ = {
			isa = PBXFrameworksBuildPhase;
			buildActionMask = 2147483647;
			files = (
			);
			runOnlyForDeploymentPostprocessing = 0;
		};
		EE0000000000000000000012 /* Frameworks */ = {
			isa = PBXFrameworksBuildPhase;
			buildActionMask = 2147483647;
			files = (
			);
			runOnlyForDeploymentPostprocessing = 0;
		};
/* End PBXFrameworksBuildPhase section */

/* Begin PBXGroup section */
		AA0000000000000000000002 = {
			isa = PBXGroup;
			children = (
				AA0000000000000000000004 /* App */,
				AA0000000000000000000005 /* Widget */,
				AA0000000000000000000006 /* Shared */,
				AA0000000000000000000007 /* Scripts */,
				BB0000000000000000000501 /* SPEC.md */,
				AA0000000000000000000003 /* Products */,
			);
			sourceTree = "<group>";
		};
		AA0000000000000000000003 /* Products */ = {
			isa = PBXGroup;
			children = (
				BB0000000000000000000401 /* CCGauge.app */,
				BB0000000000000000000402 /* CCGaugeWidget.appex */,
			);
			name = Products;
			sourceTree = "<group>";
		};
		AA0000000000000000000004 /* App */ = {
			isa = PBXGroup;
			children = (
				BB0000000000000000000101 /* CCGaugeApp.swift */,
				BB0000000000000000000102 /* StatusView.swift */,
				BB0000000000000000000105 /* SnapshotWatcher.swift */,
				BB0000000000000000000106 /* OnboardingView.swift */,
				BB0000000000000000000107 /* Installer.swift */,
				AA0000000000000000000008 /* Resources */,
				BB0000000000000000000103 /* Info.plist */,
			);
			path = App;
			sourceTree = "<group>";
		};
		AA0000000000000000000005 /* Widget */ = {
			isa = PBXGroup;
			children = (
				BB0000000000000000000201 /* CCGaugeWidget.swift */,
				BB0000000000000000000202 /* Provider.swift */,
				BB0000000000000000000203 /* MediumView.swift */,
				BB0000000000000000000211 /* SmallView.swift */,
				BB0000000000000000000212 /* LargeView.swift */,
				BB0000000000000000000213 /* Components.swift */,
				BB0000000000000000000214 /* ForecastChart.swift */,
				AA0000000000000000000009 /* Resources */,
				BB0000000000000000000204 /* Info.plist */,
				BB0000000000000000000205 /* CCGaugeWidget.entitlements */,
			);
			path = Widget;
			sourceTree = "<group>";
		};
		AA0000000000000000000006 /* Shared */ = {
			isa = PBXGroup;
			children = (
				BB0000000000000000000301 /* Snapshot.swift */,
				BB0000000000000000000302 /* SnapshotStore.swift */,
				BB0000000000000000000303 /* Formatters.swift */,
				BB0000000000000000000304 /* Thresholds.swift */,
				BB0000000000000000000305 /* Diagnostics.swift */,
				BB0000000000000000000306 /* HistoryStore.swift */,
				BB0000000000000000000307 /* Forecast.swift */,
			);
			path = Shared;
			sourceTree = "<group>";
		};
		AA0000000000000000000008 /* Resources */ = {
			isa = PBXGroup;
			children = (
				BB0000000000000000000108 /* Localizable.xcstrings */,
			);
			path = Resources;
			sourceTree = "<group>";
		};
		AA0000000000000000000009 /* Resources */ = {
			isa = PBXGroup;
			children = (
				BB0000000000000000000215 /* Localizable.xcstrings */,
			);
			path = Resources;
			sourceTree = "<group>";
		};
		AA0000000000000000000007 /* Scripts */ = {
			isa = PBXGroup;
			children = (
				BB0000000000000000000502 /* ccgauge-export.py.template */,
			);
			path = Scripts;
			sourceTree = "<group>";
		};
/* End PBXGroup section */

/* Begin PBXNativeTarget section */
		DD0000000000000000000001 /* CCGauge */ = {
			isa = PBXNativeTarget;
			buildConfigurationList = 110000000000000000000002 /* Build configuration list for PBXNativeTarget "CCGauge" */;
			buildPhases = (
				EE0000000000000000000001 /* Sources */,
				EE0000000000000000000002 /* Frameworks */,
				EE0000000000000000000003 /* Resources */,
				EE0000000000000000000004 /* Embed Foundation Extensions */,
			);
			buildRules = (
			);
			dependencies = (
				FF0000000000000000000001 /* PBXTargetDependency */,
			);
			name = CCGauge;
			productName = CCGauge;
			productReference = BB0000000000000000000401 /* CCGauge.app */;
			productType = "com.apple.product-type.application";
		};
		DD0000000000000000000002 /* CCGaugeWidget */ = {
			isa = PBXNativeTarget;
			buildConfigurationList = 110000000000000000000003 /* Build configuration list for PBXNativeTarget "CCGaugeWidget" */;
			buildPhases = (
				EE0000000000000000000011 /* Sources */,
				EE0000000000000000000012 /* Frameworks */,
				EE0000000000000000000013 /* Resources */,
			);
			buildRules = (
			);
			dependencies = (
			);
			name = CCGaugeWidget;
			productName = CCGaugeWidget;
			productReference = BB0000000000000000000402 /* CCGaugeWidget.appex */;
			productType = "com.apple.product-type.app-extension";
		};
/* End PBXNativeTarget section */

/* Begin PBXProject section */
		AA0000000000000000000001 /* Project object */ = {
			isa = PBXProject;
			attributes = {
				BuildIndependentTargetsInParallel = 1;
				LastSwiftUpdateCheck = 1600;
				LastUpgradeCheck = 1600;
				TargetAttributes = {
					DD0000000000000000000001 = {
						CreatedOnToolsVersion = 16.0;
					};
					DD0000000000000000000002 = {
						CreatedOnToolsVersion = 16.0;
					};
				};
			};
			buildConfigurationList = 110000000000000000000001 /* Build configuration list for PBXProject "CCGauge" */;
			compatibilityVersion = "Xcode 14.0";
			developmentRegion = en;
			hasScannedForEncodings = 0;
			knownRegions = (
				en,
				Base,
				de,
				es,
				ja,
				ru,
				"zh-Hans",
			);
			mainGroup = AA0000000000000000000002;
			productRefGroup = AA0000000000000000000003 /* Products */;
			projectDirPath = "";
			projectRoot = "";
			targets = (
				DD0000000000000000000001 /* CCGauge */,
				DD0000000000000000000002 /* CCGaugeWidget */,
			);
		};
/* End PBXProject section */

/* Begin PBXResourcesBuildPhase section */
		EE0000000000000000000003 /* Resources */ = {
			isa = PBXResourcesBuildPhase;
			buildActionMask = 2147483647;
			files = (
				CC0000000000000000000502 /* ccgauge-export.py.template in Resources */,
				CC0000000000000000000108 /* Localizable.xcstrings in Resources */,
			);
			runOnlyForDeploymentPostprocessing = 0;
		};
		EE0000000000000000000013 /* Resources */ = {
			isa = PBXResourcesBuildPhase;
			buildActionMask = 2147483647;
			files = (
				CC0000000000000000000215 /* Localizable.xcstrings in Resources */,
			);
			runOnlyForDeploymentPostprocessing = 0;
		};
/* End PBXResourcesBuildPhase section */

/* Begin PBXSourcesBuildPhase section */
		EE0000000000000000000001 /* Sources */ = {
			isa = PBXSourcesBuildPhase;
			buildActionMask = 2147483647;
			files = (
				CC0000000000000000000101 /* CCGaugeApp.swift in Sources */,
				CC0000000000000000000102 /* StatusView.swift in Sources */,
				CC0000000000000000000105 /* SnapshotWatcher.swift in Sources */,
				CC0000000000000000000106 /* OnboardingView.swift in Sources */,
				CC0000000000000000000107 /* Installer.swift in Sources */,
				CC0000000000000000000301 /* Snapshot.swift in Sources */,
				CC0000000000000000000302 /* SnapshotStore.swift in Sources */,
				CC0000000000000000000303 /* Formatters.swift in Sources */,
				CC0000000000000000000304 /* Thresholds.swift in Sources */,
				CC0000000000000000000305 /* Diagnostics.swift in Sources */,
				CC0000000000000000000306 /* HistoryStore.swift in Sources */,
				CC0000000000000000000307 /* Forecast.swift in Sources */,
			);
			runOnlyForDeploymentPostprocessing = 0;
		};
		EE0000000000000000000011 /* Sources */ = {
			isa = PBXSourcesBuildPhase;
			buildActionMask = 2147483647;
			files = (
				CC0000000000000000000201 /* CCGaugeWidget.swift in Sources */,
				CC0000000000000000000202 /* Provider.swift in Sources */,
				CC0000000000000000000203 /* MediumView.swift in Sources */,
				CC0000000000000000000211 /* SmallView.swift in Sources */,
				CC0000000000000000000212 /* LargeView.swift in Sources */,
				CC0000000000000000000213 /* Components.swift in Sources */,
				CC0000000000000000000311 /* Snapshot.swift in Sources */,
				CC0000000000000000000312 /* SnapshotStore.swift in Sources */,
				CC0000000000000000000313 /* Formatters.swift in Sources */,
				CC0000000000000000000314 /* Thresholds.swift in Sources */,
				CC0000000000000000000315 /* Diagnostics.swift in Sources */,
				CC0000000000000000000316 /* HistoryStore.swift in Sources */,
				CC0000000000000000000317 /* Forecast.swift in Sources */,
				CC0000000000000000000214 /* ForecastChart.swift in Sources */,
			);
			runOnlyForDeploymentPostprocessing = 0;
		};
/* End PBXSourcesBuildPhase section */

/* Begin PBXTargetDependency section */
		FF0000000000000000000001 /* PBXTargetDependency */ = {
			isa = PBXTargetDependency;
			target = DD0000000000000000000002 /* CCGaugeWidget */;
			targetProxy = FF0000000000000000000002 /* PBXContainerItemProxy */;
		};
/* End PBXTargetDependency section */

/* Begin XCBuildConfiguration section */
		220000000000000000000001 /* Debug */ = {
			isa = XCBuildConfiguration;
			buildSettings = {
				ALWAYS_SEARCH_USER_PATHS = NO;
				CLANG_ENABLE_MODULES = YES;
				CLANG_ENABLE_OBJC_ARC = YES;
				COPY_PHASE_STRIP = NO;
				DEAD_CODE_STRIPPING = YES;
				DEBUG_INFORMATION_FORMAT = dwarf;
				ENABLE_STRICT_OBJC_MSGSEND = YES;
				ENABLE_TESTABILITY = YES;
				ENABLE_USER_SCRIPT_SANDBOXING = NO;
				GCC_NO_COMMON_BLOCKS = YES;
				GCC_OPTIMIZATION_LEVEL = 0;
				GCC_PREPROCESSOR_DEFINITIONS = (
					"DEBUG=1",
					"$(inherited)",
				);
				MACOSX_DEPLOYMENT_TARGET = 14.0;
				MTL_ENABLE_DEBUG_INFO = INCLUDE_SOURCE;
				ONLY_ACTIVE_ARCH = YES;
				SDKROOT = macosx;
				SWIFT_ACTIVE_COMPILATION_CONDITIONS = "DEBUG $(inherited)";
				SWIFT_OPTIMIZATION_LEVEL = "-Onone";
				SWIFT_STRICT_CONCURRENCY = complete;
				SWIFT_VERSION = 6.0;
			};
			name = Debug;
		};
		220000000000000000000002 /* Release */ = {
			isa = XCBuildConfiguration;
			buildSettings = {
				ALWAYS_SEARCH_USER_PATHS = NO;
				CLANG_ENABLE_MODULES = YES;
				CLANG_ENABLE_OBJC_ARC = YES;
				COPY_PHASE_STRIP = NO;
				DEAD_CODE_STRIPPING = YES;
				DEBUG_INFORMATION_FORMAT = "dwarf-with-dsym";
				ENABLE_NS_ASSERTIONS = NO;
				ENABLE_STRICT_OBJC_MSGSEND = YES;
				ENABLE_USER_SCRIPT_SANDBOXING = NO;
				GCC_NO_COMMON_BLOCKS = YES;
				MACOSX_DEPLOYMENT_TARGET = 14.0;
				MTL_ENABLE_DEBUG_INFO = NO;
				SDKROOT = macosx;
				SWIFT_COMPILATION_MODE = wholemodule;
				SWIFT_STRICT_CONCURRENCY = complete;
				SWIFT_VERSION = 6.0;
			};
			name = Release;
		};
		220000000000000000000003 /* Debug */ = {
			isa = XCBuildConfiguration;
			buildSettings = {
				CODE_SIGN_IDENTITY = "-";
				CODE_SIGN_STYLE = Manual;
				COMBINE_HIDPI_IMAGES = YES;
				CURRENT_PROJECT_VERSION = 2;
				DEVELOPMENT_TEAM = "";
				ENABLE_PREVIEWS = YES;
				INFOPLIST_FILE = App/Info.plist;
				LD_RUNPATH_SEARCH_PATHS = (
					"$(inherited)",
					"@executable_path/../Frameworks",
				);
				MARKETING_VERSION = 0.2;
				PRODUCT_BUNDLE_IDENTIFIER = dev.illvminat.ccgauge;
				PRODUCT_NAME = CCGauge;
				SWIFT_EMIT_LOC_STRINGS = YES;
			};
			name = Debug;
		};
		220000000000000000000004 /* Release */ = {
			isa = XCBuildConfiguration;
			buildSettings = {
				CODE_SIGN_IDENTITY = "-";
				CODE_SIGN_STYLE = Manual;
				COMBINE_HIDPI_IMAGES = YES;
				CURRENT_PROJECT_VERSION = 2;
				DEVELOPMENT_TEAM = "";
				ENABLE_PREVIEWS = YES;
				INFOPLIST_FILE = App/Info.plist;
				LD_RUNPATH_SEARCH_PATHS = (
					"$(inherited)",
					"@executable_path/../Frameworks",
				);
				MARKETING_VERSION = 0.2;
				PRODUCT_BUNDLE_IDENTIFIER = dev.illvminat.ccgauge;
				PRODUCT_NAME = CCGauge;
				SWIFT_EMIT_LOC_STRINGS = YES;
			};
			name = Release;
		};
		220000000000000000000005 /* Debug */ = {
			isa = XCBuildConfiguration;
			buildSettings = {
				CODE_SIGN_ENTITLEMENTS = Widget/CCGaugeWidget.entitlements;
				CODE_SIGN_IDENTITY = "-";
				CODE_SIGN_STYLE = Manual;
				CURRENT_PROJECT_VERSION = 2;
				DEVELOPMENT_TEAM = "";
				ENABLE_PREVIEWS = YES;
				INFOPLIST_FILE = Widget/Info.plist;
				LD_RUNPATH_SEARCH_PATHS = (
					"$(inherited)",
					"@executable_path/../Frameworks",
					"@executable_path/../../../../Frameworks",
				);
				MARKETING_VERSION = 0.2;
				PRODUCT_BUNDLE_IDENTIFIER = dev.illvminat.ccgauge.widget;
				PRODUCT_NAME = CCGaugeWidget;
				SKIP_INSTALL = YES;
				SWIFT_EMIT_LOC_STRINGS = YES;
			};
			name = Debug;
		};
		220000000000000000000006 /* Release */ = {
			isa = XCBuildConfiguration;
			buildSettings = {
				CODE_SIGN_ENTITLEMENTS = Widget/CCGaugeWidget.entitlements;
				CODE_SIGN_IDENTITY = "-";
				CODE_SIGN_STYLE = Manual;
				CURRENT_PROJECT_VERSION = 2;
				DEVELOPMENT_TEAM = "";
				ENABLE_PREVIEWS = YES;
				INFOPLIST_FILE = Widget/Info.plist;
				LD_RUNPATH_SEARCH_PATHS = (
					"$(inherited)",
					"@executable_path/../Frameworks",
					"@executable_path/../../../../Frameworks",
				);
				MARKETING_VERSION = 0.2;
				PRODUCT_BUNDLE_IDENTIFIER = dev.illvminat.ccgauge.widget;
				PRODUCT_NAME = CCGaugeWidget;
				SKIP_INSTALL = YES;
				SWIFT_EMIT_LOC_STRINGS = YES;
			};
			name = Release;
		};
/* End XCBuildConfiguration section */

/* Begin XCConfigurationList section */
		110000000000000000000001 /* Build configuration list for PBXProject "CCGauge" */ = {
			isa = XCConfigurationList;
			buildConfigurations = (
				220000000000000000000001 /* Debug */,
				220000000000000000000002 /* Release */,
			);
			defaultConfigurationIsVisible = 0;
			defaultConfigurationName = Release;
		};
		110000000000000000000002 /* Build configuration list for PBXNativeTarget "CCGauge" */ = {
			isa = XCConfigurationList;
			buildConfigurations = (
				220000000000000000000003 /* Debug */,
				220000000000000000000004 /* Release */,
			);
			defaultConfigurationIsVisible = 0;
			defaultConfigurationName = Release;
		};
		110000000000000000000003 /* Build configuration list for PBXNativeTarget "CCGaugeWidget" */ = {
			isa = XCConfigurationList;
			buildConfigurations = (
				220000000000000000000005 /* Debug */,
				220000000000000000000006 /* Release */,
			);
			defaultConfigurationIsVisible = 0;
			defaultConfigurationName = Release;
		};
/* End XCConfigurationList section */
	};
	rootObject = AA0000000000000000000001 /* Project object */;
}
